
Microsoft Visual Studio Solution File, Format Version 12.00
# Visual Studio Version 16
VisualStudioVersion = 16.0.30523.141
MinimumVisualStudioVersion = 10.0.40219.1
Project("{FAE04EC0-301F-11D3-BF4B-00C04F79EFBC}") = "hortus", "hortus\hortus.csproj", "{ED1130E2-2433-4472-9E5F-6A6BD9D7A251}"
EndProject
Global
	GlobalSection(SolutionConfigurationPlatforms) = preSolution
		Debug|Any CPU = Debug|Any CPU
		Release|Any CPU = Release|Any CPU
	EndGlobalSection
	GlobalSection(ProjectConfigurationPlatforms) = postSolution
		{ED1130E2-2433-4472-9E5F-6A6BD9D7A251}.Debug|Any CPU.ActiveCfg = Debug|Any CPU
		{ED1130E2-2433-4472-9E5F-6A6BD9D7A251}.Debug|Any CPU.Build.0 = Debug|Any CPU
		{ED1130E2-2433-4472-9E5F-6A6BD9D7A251}.Release|Any CPU.ActiveCfg = Release|Any CPU
		{ED1130E2-2433-4472-9E5F-6A6BD9D7A251}.Release|Any CPU.Build.0 = Release|Any CPU
	EndGlobalSection
	GlobalSection(SolutionProperties) = preSolution
		HideSolutionNode = FALSE
	EndGlobalSection
	GlobalSection(ExtensibilityGlobals) = postSolution
		SolutionGuid = {F88B749A-C5AA-4579-AAEE-1F4B162DD011}
	EndGlobalSection
EndGlobal
